
Microsoft Visual Studio Solution File, Format Version 12.00
# Visual Studio Version 17
VisualStudioVersion = 17.11.35208.52
MinimumVisualStudioVersion = 10.0.40219.1
Project("{FAE04EC0-301F-11D3-BF4B-00C04F79EFBC}") = "MunicipalityReportingApp", "MunicipalityReportingApp\MunicipalityReportingApp.csproj", "{A6533398-FAE4-43DF-A3DC-A37C4BA00ABE}"
EndProject
Global
	GlobalSection(SolutionConfigurationPlatforms) = preSolution
		Debug|Any CPU = Debug|Any CPU
		Release|Any CPU = Release|Any CPU
	EndGlobalSection
	GlobalSection(ProjectConfigurationPlatforms) = postSolution
		{A6533398-FAE4-43DF-A3DC-A37C4BA00ABE}.Debug|Any CPU.ActiveCfg = Debug|Any CPU
		{A6533398-FAE4-43DF-A3DC-A37C4BA00ABE}.Debug|Any CPU.Build.0 = Debug|Any CPU
		{A6533398-FAE4-43DF-A3DC-A37C4BA00ABE}.Release|Any CPU.ActiveCfg = Release|Any CPU
		{A6533398-FAE4-43DF-A3DC-A37C4BA00ABE}.Release|Any CPU.Build.0 = Release|Any CPU
	EndGlobalSection
	GlobalSection(SolutionProperties) = preSolution
		HideSolutionNode = FALSE
	EndGlobalSection
	GlobalSection(ExtensibilityGlobals) = postSolution
		SolutionGuid = {24CB9A73-F8F8-4F52-BAC9-9D515B1B9A29}
	EndGlobalSection
EndGlobal
